// !$*UTF8*$!
{
	archiveVersion = 1;
	classes = {
	};
	objectVersion = 50;
	objects = {

/* Begin PBXBuildFile section */
		8229B5592293F29800263FE7 /* AppDelegate.swift in Sources */ = {isa = PBXBuildFile; fileRef = 8229B5582293F29800263FE7 /* AppDelegate.swift */; };
		8229B55B2293F29800263FE7 /* ViewController.swift in Sources */ = {isa = PBXBuildFile; fileRef = 8229B55A2293F29800263FE7 /* ViewController.swift */; };
		8229B55E2293F29800263FE7 /* Main.storyboard in Resources */ = {isa = PBXBuildFile; fileRef = 8229B55C2293F29800263FE7 /* Main.storyboard */; };
		8229B5602293F29A00263FE7 /* Assets.xcassets in Resources */ = {isa = PBXBuildFile; fileRef = 8229B55F2293F29A00263FE7 /* Assets.xcassets */; };
		8229B5632293F29A00263FE7 /* LaunchScreen.storyboard in Resources */ = {isa = PBXBuildFile; fileRef = 8229B5612293F29A00263FE7 /* LaunchScreen.storyboard */; };
		8229B56E2293F29A00263FE7 /* EnvDemoTests.swift in Sources */ = {isa = PBXBuildFile; fileRef = 8229B56D2293F29A00263FE7 /* EnvDemoTests.swift */; };
		8229B5792293F40B00263FE7 /* debug.xcconfig in Resources */ = {isa = PBXBuildFile; fileRef = 8229B5782293F40B00263FE7 /* debug.xcconfig */; };
		8229B57A2293F40B00263FE7 /* debug.xcconfig in Resources */ = {isa = PBXBuildFile; fileRef = 8229B5782293F40B00263FE7 /* debug.xcconfig */; };
/* End PBXBuildFile section */

/* Begin PBXContainerItemProxy section */
		8229B56A2293F29A00263FE7 /* PBXContainerItemProxy */ = {
			isa = PBXContainerItemProxy;
			containerPortal = 8229B54D2293F29800263FE7 /* Project object */;
			proxyType = 1;
			remoteGlobalIDString = 8229B5542293F29800263FE7;
			remoteInfo = EnvDemo;
		};
/* End PBXContainerItemProxy section */

/* Begin PBXFileReference section */
		8229B5552293F29800263FE7 /* EnvDemo.app */ = {isa = PBXFileReference; explicitFileType = wrapper.application; includeInIndex = 0; path = EnvDemo.app; sourceTree = BUILT_PRODUCTS_DIR; };
		8229B5582293F29800263FE7 /* AppDelegate.swift */ = {isa = PBXFileReference; lastKnownFileType = sourcecode.swift; path = AppDelegate.swift; sourceTree = "<group>"; };
		8229B55A2293F29800263FE7 /* ViewController.swift */ = {isa = PBXFileReference; lastKnownFileType = sourcecode.swift; path = ViewController.swift; sourceTree = "<group>"; };
		8229B55D2293F29800263FE7 /* Base */ = {isa = PBXFileReference; lastKnownFileType = file.storyboard; name = Base; path = Base.lproj/Main.storyboard; sourceTree = "<group>"; };
		8229B55F2293F29A00263FE7 /* Assets.xcassets */ = {isa = PBXFileReference; lastKnownFileType = folder.assetcatalog; path = Assets.xcassets; sourceTree = "<group>"; };
		8229B5622293F29A00263FE7 /* Base */ = {isa = PBXFileReference; lastKnownFileType = file.storyboard; name = Base; path = Base.lproj/LaunchScreen.storyboard; sourceTree = "<group>"; };
		8229B5642293F29A00263FE7 /* Info.plist */ = {isa = PBXFileReference; lastKnownFileType = text.plist.xml; path = Info.plist; sourceTree = "<group>"; };
		8229B5692293F29A00263FE7 /* EnvDemoTests.xctest */ = {isa = PBXFileReference; explicitFileType = wrapper.cfbundle; includeInIndex = 0; path = EnvDemoTests.xctest; sourceTree = BUILT_PRODUCTS_DIR; };
		8229B56D2293F29A00263FE7 /* EnvDemoTests.swift */ = {isa = PBXFileReference; lastKnownFileType = sourcecode.swift; path = EnvDemoTests.swift; sourceTree = "<group>"; };
		8229B56F2293F29A00263FE7 /* Info.plist */ = {isa = PBXFileReference; lastKnownFileType = text.plist.xml; path = Info.plist; sourceTree = "<group>"; };
		8229B5782293F40B00263FE7 /* debug.xcconfig */ = {isa = PBXFileReference; lastKnownFileType = text.xcconfig; path = debug.xcconfig; sourceTree = "<group>"; };
/* End PBXFileReference section */

/* Begin PBXFrameworksBuildPhase section */
		8229B5522293F29800263FE7 /* Frameworks */ = {
			isa = PBXFrameworksBuildPhase;
			buildActionMask = 2147483647;
			files = (
			);
			runOnlyForDeploymentPostprocessing = 0;
		};
		8229B5662293F29A00263FE7 /* Frameworks */ = {
			isa = PBXFrameworksBuildPhase;
			buildActionMask = 2147483647;
			files = (
			);
			runOnlyForDeploymentPostprocessing = 0;
		};
/* End PBXFrameworksBuildPhase section */

/* Begin PBXGroup section */
		8229B54C2293F29800263FE7 = {
			isa = PBXGroup;
			children = (
				8229B5782293F40B00263FE7 /* debug.xcconfig */,
				8229B5572293F29800263FE7 /* EnvDemo */,
				8229B56C2293F29A00263FE7 /* EnvDemoTests */,
				8229B5562293F29800263FE7 /* Products */,
			);
			sourceTree = "<group>";
		};
		8229B5562293F29800263FE7 /* Products */ = {
			isa = PBXGroup;
			children = (
				8229B5552293F29800263FE7 /* EnvDemo.app */,
				8229B5692293F29A00263FE7 /* EnvDemoTests.xctest */,
			);
			name = Products;
			sourceTree = "<group>";
		};
		8229B5572293F29800263FE7 /* EnvDemo */ = {
			isa = PBXGroup;
			children = (
				8229B5582293F29800263FE7 /* AppDelegate.swift */,
				8229B55A2293F29800263FE7 /* ViewController.swift */,
				8229B55C2293F29800263FE7 /* Main.storyboard */,
				8229B55F2293F29A00263FE7 /* Assets.xcassets */,
				8229B5612293F29A00263FE7 /* LaunchScreen.storyboard */,
				8229B5642293F29A00263FE7 /* Info.plist */,
			);
			path = EnvDemo;
			sourceTree = "<group>";
		};
		8229B56C2293F29A00263FE7 /* EnvDemoTests */ = {
			isa = PBXGroup;
			children = (
				8229B56D2293F29A00263FE7 /* EnvDemoTests.swift */,
				8229B56F2293F29A00263FE7 /* Info.plist */,
			);
			path = EnvDemoTests;
			sourceTree = "<group>";
		};
/* End PBXGroup section */

/* Begin PBXNativeTarget section */
		8229B5542293F29800263FE7 /* EnvDemo */ = {
			isa = PBXNativeTarget;
			buildConfigurationList = 8229B5722293F29A00263FE7 /* Build configuration list for PBXNativeTarget "EnvDemo" */;
			buildPhases = (
				8229B5512293F29800263FE7 /* Sources */,
				8229B5522293F29800263FE7 /* Frameworks */,
				8229B5532293F29800263FE7 /* Resources */,
			);
			buildRules = (
			);
			dependencies = (
			);
			name = EnvDemo;
			productName = EnvDemo;
			productReference = 8229B5552293F29800263FE7 /* EnvDemo.app */;
			productType = "com.apple.product-type.application";
		};
		8229B5682293F29A00263FE7 /* EnvDemoTests */ = {
			isa = PBXNativeTarget;
			buildConfigurationList = 8229B5752293F29A00263FE7 /* Build configuration list for PBXNativeTarget "EnvDemoTests" */;
			buildPhases = (
				8229B5652293F29A00263FE7 /* Sources */,
				8229B5662293F29A00263FE7 /* Frameworks */,
				8229B5672293F29A00263FE7 /* Resources */,
			);
			buildRules = (
			);
			dependencies = (
				8229B56B2293F29A00263FE7 /* PBXTargetDependency */,
			);
			name = EnvDemoTests;
			productName = EnvDemoTests;
			productReference = 8229B5692293F29A00263FE7 /* EnvDemoTests.xctest */;
			productType = "com.apple.product-type.bundle.unit-test";
		};
/* End PBXNativeTarget section */

/* Begin PBXProject section */
		8229B54D2293F29800263FE7 /* Project object */ = {
			isa = PBXProject;
			attributes = {
				LastSwiftUpdateCheck = 1010;
				LastUpgradeCheck = 1010;
				ORGANIZATIONNAME = "Juraj Hilje";
				TargetAttributes = {
					8229B5542293F29800263FE7 = {
						CreatedOnToolsVersion = 10.1;
					};
					8229B5682293F29A00263FE7 = {
						CreatedOnToolsVersion = 10.1;
						TestTargetID = 8229B5542293F29800263FE7;
					};
				};
			};
			buildConfigurationList = 8229B5502293F29800263FE7 /* Build configuration list for PBXProject "EnvDemo" */;
			compatibilityVersion = "Xcode 9.3";
			developmentRegion = en;
			hasScannedForEncodings = 0;
			knownRegions = (
				en,
				Base,
			);
			mainGroup = 8229B54C2293F29800263FE7;
			productRefGroup = 8229B5562293F29800263FE7 /* Products */;
			projectDirPath = "";
			projectRoot = "";
			targets = (
				8229B5542293F29800263FE7 /* EnvDemo */,
				8229B5682293F29A00263FE7 /* EnvDemoTests */,
			);
		};
/* End PBXProject section */

/* Begin PBXResourcesBuildPhase section */
		8229B5532293F29800263FE7 /* Resources */ = {
			isa = PBXResourcesBuildPhase;
			buildActionMask = 2147483647;
			files = (
				8229B5792293F40B00263FE7 /* debug.xcconfig in Resources */,
				8229B5632293F29A00263FE7 /* LaunchScreen.storyboard in Resources */,
				8229B5602293F29A00263FE7 /* Assets.xcassets in Resources */,
				8229B55E2293F29800263FE7 /* Main.storyboard in Resources */,
			);
			runOnlyForDeploymentPostprocessing = 0;
		};
		8229B5672293F29A00263FE7 /* Resources */ = {
			isa = PBXResourcesBuildPhase;
			buildActionMask = 2147483647;
			files = (
				8229B57A2293F40B00263FE7 /* debug.xcconfig in Resources */,
			);
			runOnlyForDeploymentPostprocessing = 0;
		};
/* End PBXResourcesBuildPhase section */

/* Begin PBXSourcesBuildPhase section */
		8229B5512293F29800263FE7 /* Sources */ = {
			isa = PBXSourcesBuildPhase;
			buildActionMask = 2147483647;
			files = (
				8229B55B2293F29800263FE7 /* ViewController.swift in Sources */,
				8229B5592293F29800263FE7 /* AppDelegate.swift in Sources */,
			);
			runOnlyForDeploymentPostprocessing = 0;
		};
		8229B5652293F29A00263FE7 /* Sources */ = {
			isa = PBXSourcesBuildPhase;
			buildActionMask = 2147483647;
			files = (
				8229B56E2293F29A00263FE7 /* EnvDemoTests.swift in Sources */,
			);
			runOnlyForDeploymentPostprocessing = 0;
		};
/* End PBXSourcesBuildPhase section */

/* Begin PBXTargetDependency section */
		8229B56B2293F29A00263FE7 /* PBXTargetDependency */ = {
			isa = PBXTargetDependency;
			target = 8229B5542293F29800263FE7 /* EnvDemo */;
			targetProxy = 8229B56A2293F29A00263FE7 /* PBXContainerItemProxy */;
		};
/* End PBXTargetDependency section */

/* Begin PBXVariantGroup section */
		8229B55C2293F29800263FE7 /* Main.storyboard */ = {
			isa = PBXVariantGroup;
			children = (
				8229B55D2293F29800263FE7 /* Base */,
			);
			name = Main.storyboard;
			sourceTree = "<group>";
		};
		8229B5612293F29A00263FE7 /* LaunchScreen.storyboard */ = {
			isa = PBXVariantGroup;
			children = (
				8229B5622293F29A00263FE7 /* Base */,
			);
			name = LaunchScreen.storyboard;
			sourceTree = "<group>";
		};
/* End PBXVariantGroup section */

/* Begin XCBuildConfiguration section */
		8229B5702293F29A00263FE7 /* Debug */ = {
			isa = XCBuildConfiguration;
			buildSettings = {
				ALWAYS_SEARCH_USER_PATHS = NO;
				CLANG_ANALYZER_NONNULL = YES;
				CLANG_ANALYZER_NUMBER_OBJECT_CONVERSION = YES_AGGRESSIVE;
				CLANG_CXX_LANGUAGE_STANDARD = "gnu++14";
				CLANG_CXX_LIBRARY = "libc++";
				CLANG_ENABLE_MODULES = YES;
				CLANG_ENABLE_OBJC_ARC = YES;
				CLANG_ENABLE_OBJC_WEAK = YES;
				CLANG_WARN_BLOCK_CAPTURE_AUTORELEASING = YES;
				CLANG_WARN_BOOL_CONVERSION = YES;
				CLANG_WARN_COMMA = YES;
				CLANG_WARN_CONSTANT_CONVERSION = YES;
				CLANG_WARN_DEPRECATED_OBJC_IMPLEMENTATIONS = YES;
				CLANG_WARN_DIRECT_OBJC_ISA_USAGE = YES_ERROR;
				CLANG_WARN_DOCUMENTATION_COMMENTS = YES;
				CLANG_WARN_EMPTY_BODY = YES;
				CLANG_WARN_ENUM_CONVERSION = YES;
				CLANG_WARN_INFINITE_RECURSION = YES;
				CLANG_WARN_INT_CONVERSION = YES;
				CLANG_WARN_NON_LITERAL_NULL_CONVERSION = YES;
				CLANG_WARN_OBJC_IMPLICIT_RETAIN_SELF = YES;
				CLANG_WARN_OBJC_LITERAL_CONVERSION = YES;
				CLANG_WARN_OBJC_ROOT_CLASS = YES_ERROR;
				CLANG_WARN_RANGE_LOOP_ANALYSIS = YES;
				CLANG_WARN_STRICT_PROTOTYPES = YES;
				CLANG_WARN_SUSPICIOUS_MOVE = YES;
				CLANG_WARN_UNGUARDED_AVAILABILITY = YES_AGGRESSIVE;
				CLANG_WARN_UNREACHABLE_CODE = YES;
				CLANG_WARN__DUPLICATE_METHOD_MATCH = YES;
				CODE_SIGN_IDENTITY = "iPhone Developer";
				COPY_PHASE_STRIP = NO;
				DEBUG_INFORMATION_FORMAT = dwarf;
				ENABLE_STRICT_OBJC_MSGSEND = YES;
				ENABLE_TESTABILITY = YES;
				GCC_C_LANGUAGE_STANDARD = gnu11;
				GCC_DYNAMIC_NO_PIC = NO;
				GCC_NO_COMMON_BLOCKS = YES;
				GCC_OPTIMIZATION_LEVEL = 0;
				GCC_PREPROCESSOR_DEFINITIONS = (
					"DEBUG=1",
					"$(inherited)",
				);
				GCC_WARN_64_TO_32_BIT_CONVERSION = YES;
				GCC_WARN_ABOUT_RETURN_TYPE = YES_ERROR;
				GCC_WARN_UNDECLARED_SELECTOR = YES;
				GCC_WARN_UNINITIALIZED_AUTOS = YES_AGGRESSIVE;
				GCC_WARN_UNUSED_FUNCTION = YES;
				GCC_WARN_UNUSED_VARIABLE = YES;
				IPHONEOS_DEPLOYMENT_TARGET = 12.1;
				MTL_ENABLE_DEBUG_INFO = INCLUDE_SOURCE;
				MTL_FAST_MATH = YES;
				ONLY_ACTIVE_ARCH = YES;
				SDKROOT = iphoneos;
				SWIFT_ACTIVE_COMPILATION_CONDITIONS = DEBUG;
				SWIFT_OPTIMIZATION_LEVEL = "-Onone";
			};
			name = Debug;
		};
		8229B5712293F29A00263FE7 /* Release */ = {
			isa = XCBuildConfiguration;
			buildSettings = {
				ALWAYS_SEARCH_USER_PATHS = NO;
				CLANG_ANALYZER_NONNULL = YES;
				CLANG_ANALYZER_NUMBER_OBJECT_CONVERSION = YES_AGGRESSIVE;
				CLANG_CXX_LANGUAGE_STANDARD = "gnu++14";
				CLANG_CXX_LIBRARY = "libc++";
				CLANG_ENABLE_MODULES = YES;
				CLANG_ENABLE_OBJC_ARC = YES;
				CLANG_ENABLE_OBJC_WEAK = YES;
				CLANG_WARN_BLOCK_CAPTURE_AUTORELEASING = YES;
				CLANG_WARN_BOOL_CONVERSION = YES;
				CLANG_WARN_COMMA = YES;
				CLANG_WARN_CONSTANT_CONVERSION = YES;
				CLANG_WARN_DEPRECATED_OBJC_IMPLEMENTATIONS = YES;
				CLANG_WARN_DIRECT_OBJC_ISA_USAGE = YES_ERROR;
				CLANG_WARN_DOCUMENTATION_COMMENTS = YES;
				CLANG_WARN_EMPTY_BODY = YES;
				CLANG_WARN_ENUM_CONVERSION = YES;
				CLANG_WARN_INFINITE_RECURSION = YES;
				CLANG_WARN_INT_CONVERSION = YES;
				CLANG_WARN_NON_LITERAL_NULL_CONVERSION = YES;
				CLANG_WARN_OBJC_IMPLICIT_RETAIN_SELF = YES;
				CLANG_WARN_OBJC_LITERAL_CONVERSION = YES;
				CLANG_WARN_OBJC_ROOT_CLASS = YES_ERROR;
				CLANG_WARN_RANGE_LOOP_ANALYSIS = YES;
				CLANG_WARN_STRICT_PROTOTYPES = YES;
				CLANG_WARN_SUSPICIOUS_MOVE = YES;
				CLANG_WARN_UNGUARDED_AVAILABILITY = YES_AGGRESSIVE;
				CLANG_WARN_UNREACHABLE_CODE = YES;
				CLANG_WARN__DUPLICATE_METHOD_MATCH = YES;
				CODE_SIGN_IDENTITY = "iPhone Developer";
				COPY_PHASE_STRIP = NO;
				DEBUG_INFORMATION_FORMAT = "dwarf-with-dsym";
				ENABLE_NS_ASSERTIONS = NO;
				ENABLE_STRICT_OBJC_MSGSEND = YES;
				GCC_C_LANGUAGE_STANDARD = gnu11;
				GCC_NO_COMMON_BLOCKS = YES;
				GCC_WARN_64_TO_32_BIT_CONVERSION = YES;
				GCC_WARN_ABOUT_RETURN_TYPE = YES_ERROR;
				GCC_WARN_UNDECLARED_SELECTOR = YES;
				GCC_WARN_UNINITIALIZED_AUTOS = YES_AGGRESSIVE;
				GCC_WARN_UNUSED_FUNCTION = YES;
				GCC_WARN_UNUSED_VARIABLE = YES;
				IPHONEOS_DEPLOYMENT_TARGET = 12.1;
				MTL_ENABLE_DEBUG_INFO = NO;
				MTL_FAST_MATH = YES;
				SDKROOT = iphoneos;
				SWIFT_COMPILATION_MODE = wholemodule;
				SWIFT_OPTIMIZATION_LEVEL = "-O";
				VALIDATE_PRODUCT = YES;
			};
			name = Release;
		};
		8229B5732293F29A00263FE7 /* Debug */ = {
			isa = XCBuildConfiguration;
			buildSettings = {
				ASSETCATALOG_COMPILER_APPICON_NAME = AppIcon;
				CODE_SIGN_STYLE = Automatic;
				DEVELOPMENT_TEAM = H466FTR5J5;
				INFOPLIST_FILE = EnvDemo/Info.plist;
				LD_RUNPATH_SEARCH_PATHS = (
					"$(inherited)",
					"@executable_path/Frameworks",
				);
				PRODUCT_BUNDLE_IDENTIFIER = com.jurajhilje.EnvDemo;
				PRODUCT_NAME = "$(TARGET_NAME)";
				SWIFT_VERSION = 4.2;
				TARGETED_DEVICE_FAMILY = "1,2";
			};
			name = Debug;
		};
		8229B5742293F29A00263FE7 /* Release */ = {
			isa = XCBuildConfiguration;
			buildSettings = {
				ASSETCATALOG_COMPILER_APPICON_NAME = AppIcon;
				CODE_SIGN_STYLE = Automatic;
				DEVELOPMENT_TEAM = H466FTR5J5;
				INFOPLIST_FILE = EnvDemo/Info.plist;
				LD_RUNPATH_SEARCH_PATHS = (
					"$(inherited)",
					"@executable_path/Frameworks",
				);
				PRODUCT_BUNDLE_IDENTIFIER = com.jurajhilje.EnvDemo;
				PRODUCT_NAME = "$(TARGET_NAME)";
				SWIFT_VERSION = 4.2;
				TARGETED_DEVICE_FAMILY = "1,2";
			};
			name = Release;
		};
		8229B5762293F29A00263FE7 /* Debug */ = {
			isa = XCBuildConfiguration;
			buildSettings = {
				ALWAYS_EMBED_SWIFT_STANDARD_LIBRARIES = YES;
				BUNDLE_LOADER = "$(TEST_HOST)";
				CODE_SIGN_STYLE = Automatic;
				DEVELOPMENT_TEAM = H466FTR5J5;
				INFOPLIST_FILE = EnvDemoTests/Info.plist;
				LD_RUNPATH_SEARCH_PATHS = (
					"$(inherited)",
					"@executable_path/Frameworks",
					"@loader_path/Frameworks",
				);
				PRODUCT_BUNDLE_IDENTIFIER = com.jurajhilje.EnvDemoTests;
				PRODUCT_NAME = "$(TARGET_NAME)";
				SWIFT_VERSION = 4.2;
				TARGETED_DEVICE_FAMILY = "1,2";
				TEST_HOST = "$(BUILT_PRODUCTS_DIR)/EnvDemo.app/EnvDemo";
			};
			name = Debug;
		};
		8229B5772293F29A00263FE7 /* Release */ = {
			isa = XCBuildConfiguration;
			buildSettings = {
				ALWAYS_EMBED_SWIFT_STANDARD_LIBRARIES = YES;
				BUNDLE_LOADER = "$(TEST_HOST)";
				CODE_SIGN_STYLE = Automatic;
				DEVELOPMENT_TEAM = H466FTR5J5;
				INFOPLIST_FILE = EnvDemoTests/Info.plist;
				LD_RUNPATH_SEARCH_PATHS = (
					"$(inherited)",
					"@executable_path/Frameworks",
					"@loader_path/Frameworks",
				);
				PRODUCT_BUNDLE_IDENTIFIER = com.jurajhilje.EnvDemoTests;
				PRODUCT_NAME = "$(TARGET_NAME)";
				SWIFT_VERSION = 4.2;
				TARGETED_DEVICE_FAMILY = "1,2";
				TEST_HOST = "$(BUILT_PRODUCTS_DIR)/EnvDemo.app/EnvDemo";
			};
			name = Release;
		};
/* End XCBuildConfiguration section */

/* Begin XCConfigurationList section */
		8229B5502293F29800263FE7 /* Build configuration list for PBXProject "EnvDemo" */ = {
			isa = XCConfigurationList;
			buildConfigurations = (
				8229B5702293F29A00263FE7 /* Debug */,
				8229B5712293F29A00263FE7 /* Release */,
			);
			defaultConfigurationIsVisible = 0;
			defaultConfigurationName = Release;
		};
		8229B5722293F29A00263FE7 /* Build configuration list for PBXNativeTarget "EnvDemo" */ = {
			isa = XCConfigurationList;
			buildConfigurations = (
				8229B5732293F29A00263FE7 /* Debug */,
				8229B5742293F29A00263FE7 /* Release */,
			);
			defaultConfigurationIsVisible = 0;
			defaultConfigurationName = Release;
		};
		8229B5752293F29A00263FE7 /* Build configuration list for PBXNativeTarget "EnvDemoTests" */ = {
			isa = XCConfigurationList;
			buildConfigurations = (
				8229B5762293F29A00263FE7 /* Debug */,
				8229B5772293F29A00263FE7 /* Release */,
			);
			defaultConfigurationIsVisible = 0;
			defaultConfigurationName = Release;
		};
/* End XCConfigurationList section */
	};
	rootObject = 8229B54D2293F29800263FE7 /* Project object */;
}
